
Microsoft Visual Studio Solution File, Format Version 12.00
# Visual Studio Version 16
VisualStudioVersion = 16.0.29424.173
MinimumVisualStudioVersion = 10.0.40219.1
Project("{9092AA53-FB77-4645-B42D-1CCCA6BD08BD}") = "jodit-squidex", "jodit-squidex.njsproj", "{7247183E-2829-4E96-9933-747193C4A758}"
EndProject
Global
	GlobalSection(SolutionConfigurationPlatforms) = preSolution
		Debug|Any CPU = Debug|Any CPU
		Release|Any CPU = Release|Any CPU
	EndGlobalSection
	GlobalSection(ProjectConfigurationPlatforms) = postSolution
		{7247183E-2829-4E96-9933-747193C4A758}.Debug|Any CPU.ActiveCfg = Debug|Any CPU
		{7247183E-2829-4E96-9933-747193C4A758}.Debug|Any CPU.Build.0 = Debug|Any CPU
		{7247183E-2829-4E96-9933-747193C4A758}.Release|Any CPU.ActiveCfg = Release|Any CPU
		{7247183E-2829-4E96-9933-747193C4A758}.Release|Any CPU.Build.0 = Release|Any CPU
	EndGlobalSection
	GlobalSection(SolutionProperties) = preSolution
		HideSolutionNode = FALSE
	EndGlobalSection
	GlobalSection(ExtensibilityGlobals) = postSolution
		SolutionGuid = {090cfeb8-5146-445f-a06d-760558258d3b}
	EndGlobalSection
EndGlobal
